
Microsoft Visual Studio Solution File, Format Version 12.00
# Visual Studio Version 17
VisualStudioVersion = 17.13.35825.156 d17.13
MinimumVisualStudioVersion = 10.0.40219.1
Project("{FAE04EC0-301F-11D3-BF4B-00C04F79EFBC}") = "teste1Git", "teste1Git\teste1Git.csproj", "{0E97C3E1-B3E3-4503-AF37-6B88F79426C4}"
EndProject
Global
	GlobalSection(SolutionConfigurationPlatforms) = preSolution
		Debug|Any CPU = Debug|Any CPU
		Release|Any CPU = Release|Any CPU
	EndGlobalSection
	GlobalSection(ProjectConfigurationPlatforms) = postSolution
		{0E97C3E1-B3E3-4503-AF37-6B88F79426C4}.Debug|Any CPU.ActiveCfg = Debug|Any CPU
		{0E97C3E1-B3E3-4503-AF37-6B88F79426C4}.Debug|Any CPU.Build.0 = Debug|Any CPU
		{0E97C3E1-B3E3-4503-AF37-6B88F79426C4}.Release|Any CPU.ActiveCfg = Release|Any CPU
		{0E97C3E1-B3E3-4503-AF37-6B88F79426C4}.Release|Any CPU.Build.0 = Release|Any CPU
	EndGlobalSection
	GlobalSection(SolutionProperties) = preSolution
		HideSolutionNode = FALSE
	EndGlobalSection
	GlobalSection(ExtensibilityGlobals) = postSolution
		SolutionGuid = {6C86FF42-A1B3-43B6-8828-5B21B36DCCFB}
	EndGlobalSection
EndGlobal
